// !$*UTF8*$!
{
	archiveVersion = 1;
	classes = {
	};
	objectVersion = 56;
	objects = {

/* Begin PBXBuildFile section */
		B63770632BAC0AAD002E3D30 /* AttributeTests.swift in Sources */ = {isa = PBXBuildFile; fileRef = B637703E2BAC0AAD002E3D30 /* AttributeTests.swift */; };
		B63770642BAC0AAD002E3D30 /* DecodingTests.swift in Sources */ = {isa = PBXBuildFile; fileRef = B637703F2BAC0AAD002E3D30 /* DecodingTests.swift */; };
		B63770652BAC0AAD002E3D30 /* EncodingTests.swift in Sources */ = {isa = PBXBuildFile; fileRef = B63770402BAC0AAD002E3D30 /* EncodingTests.swift */; };
		B63770662BAC0AAD002E3D30 /* EntityTests.swift in Sources */ = {isa = PBXBuildFile; fileRef = B63770412BAC0AAD002E3D30 /* EntityTests.swift */; };
		B63770672BAC0AAD002E3D30 /* ExecuteSqlTests.swift in Sources */ = {isa = PBXBuildFile; fileRef = B63770422BAC0AAD002E3D30 /* ExecuteSqlTests.swift */; };
		B63770682BAC0AAD002E3D30 /* FetcherTests.swift in Sources */ = {isa = PBXBuildFile; fileRef = B63770432BAC0AAD002E3D30 /* FetcherTests.swift */; };
		B63770692BAC0AAD002E3D30 /* FetchOptionTests.swift in Sources */ = {isa = PBXBuildFile; fileRef = B63770442BAC0AAD002E3D30 /* FetchOptionTests.swift */; };
		B637706A2BAC0AAD002E3D30 /* IndexTests.swift in Sources */ = {isa = PBXBuildFile; fileRef = B63770452BAC0AAD002E3D30 /* IndexTests.swift */; };
		B637706B2BAC0AAD002E3D30 /* LoadedIdPoolTests.swift in Sources */ = {isa = PBXBuildFile; fileRef = B63770462BAC0AAD002E3D30 /* LoadedIdPoolTests.swift */; };
		B637706C2BAC0AAD002E3D30 /* ModelTests.swift in Sources */ = {isa = PBXBuildFile; fileRef = B63770472BAC0AAD002E3D30 /* ModelTests.swift */; };
		B637706D2BAC0AAD002E3D30 /* ObjectEventTests.swift in Sources */ = {isa = PBXBuildFile; fileRef = B63770482BAC0AAD002E3D30 /* ObjectEventTests.swift */; };
		B637706E2BAC0AAD002E3D30 /* ObjectIdTests.swift in Sources */ = {isa = PBXBuildFile; fileRef = B63770492BAC0AAD002E3D30 /* ObjectIdTests.swift */; };
		B637706F2BAC0AAD002E3D30 /* ObjectTests.swift in Sources */ = {isa = PBXBuildFile; fileRef = B637704A2BAC0AAD002E3D30 /* ObjectTests.swift */; };
		B63770702BAC0AAD002E3D30 /* OrgelContainerTests.swift in Sources */ = {isa = PBXBuildFile; fileRef = B637704B2BAC0AAD002E3D30 /* OrgelContainerTests.swift */; };
		B63770712BAC0AAD002E3D30 /* OrgelInfoTests.swift in Sources */ = {isa = PBXBuildFile; fileRef = B637704C2BAC0AAD002E3D30 /* OrgelInfoTests.swift */; };
		B63770722BAC0AAD002E3D30 /* ReadOnlyObjectTests.swift in Sources */ = {isa = PBXBuildFile; fileRef = B637704D2BAC0AAD002E3D30 /* ReadOnlyObjectTests.swift */; };
		B63770732BAC0AAD002E3D30 /* RelationTests.swift in Sources */ = {isa = PBXBuildFile; fileRef = B637704E2BAC0AAD002E3D30 /* RelationTests.swift */; };
		B63770742BAC0AAD002E3D30 /* SerialTaskQueueOrderTests.swift in Sources */ = {isa = PBXBuildFile; fileRef = B637704F2BAC0AAD002E3D30 /* SerialTaskQueueOrderTests.swift */; };
		B63770752BAC0AAD002E3D30 /* SerialTaskQueueSeparatelyTests.swift in Sources */ = {isa = PBXBuildFile; fileRef = B63770502BAC0AAD002E3D30 /* SerialTaskQueueSeparatelyTests.swift */; };
		B63770762BAC0AAD002E3D30 /* SQLColumnInternalTests.swift in Sources */ = {isa = PBXBuildFile; fileRef = B63770512BAC0AAD002E3D30 /* SQLColumnInternalTests.swift */; };
		B63770772BAC0AAD002E3D30 /* SQLExpressionInternalTests.swift in Sources */ = {isa = PBXBuildFile; fileRef = B63770522BAC0AAD002E3D30 /* SQLExpressionInternalTests.swift */; };
		B63770782BAC0AAD002E3D30 /* SQLInternalTests.swift in Sources */ = {isa = PBXBuildFile; fileRef = B63770532BAC0AAD002E3D30 /* SQLInternalTests.swift */; };
		B63770792BAC0AAD002E3D30 /* SQLiteErrorTests.swift in Sources */ = {isa = PBXBuildFile; fileRef = B63770542BAC0AAD002E3D30 /* SQLiteErrorTests.swift */; };
		B637707A2BAC0AAD002E3D30 /* SQLiteExecutorAdditionsTests.swift in Sources */ = {isa = PBXBuildFile; fileRef = B63770552BAC0AAD002E3D30 /* SQLiteExecutorAdditionsTests.swift */; };
		B637707B2BAC0AAD002E3D30 /* SQLiteExecutorTests.swift in Sources */ = {isa = PBXBuildFile; fileRef = B63770562BAC0AAD002E3D30 /* SQLiteExecutorTests.swift */; };
		B637707C2BAC0AAD002E3D30 /* SQLiteResultTests.swift in Sources */ = {isa = PBXBuildFile; fileRef = B63770572BAC0AAD002E3D30 /* SQLiteResultTests.swift */; };
		B637707D2BAC0AAD002E3D30 /* SQLiteRowIteratorTests.swift in Sources */ = {isa = PBXBuildFile; fileRef = B63770582BAC0AAD002E3D30 /* SQLiteRowIteratorTests.swift */; };
		B637707E2BAC0AAD002E3D30 /* SQLSelectInternalTests.swift in Sources */ = {isa = PBXBuildFile; fileRef = B63770592BAC0AAD002E3D30 /* SQLSelectInternalTests.swift */; };
		B637707F2BAC0AAD002E3D30 /* SQLSelectTests.swift in Sources */ = {isa = PBXBuildFile; fileRef = B637705A2BAC0AAD002E3D30 /* SQLSelectTests.swift */; };
		B63770802BAC0AAD002E3D30 /* SQLValueInternalTests.swift in Sources */ = {isa = PBXBuildFile; fileRef = B637705B2BAC0AAD002E3D30 /* SQLValueInternalTests.swift */; };
		B63770812BAC0AAD002E3D30 /* SQLValueTests.swift in Sources */ = {isa = PBXBuildFile; fileRef = B637705C2BAC0AAD002E3D30 /* SQLValueTests.swift */; };
		B63770822BAC0AAD002E3D30 /* SyncedObjectIdTests.swift in Sources */ = {isa = PBXBuildFile; fileRef = B637705D2BAC0AAD002E3D30 /* SyncedObjectIdTests.swift */; };
		B63770832BAC0AAD002E3D30 /* SyncedObjectTests.swift in Sources */ = {isa = PBXBuildFile; fileRef = B637705E2BAC0AAD002E3D30 /* SyncedObjectTests.swift */; };
		B63770842BAC0AAD002E3D30 /* TestObjects.swift in Sources */ = {isa = PBXBuildFile; fileRef = B637705F2BAC0AAD002E3D30 /* TestObjects.swift */; };
		B63770852BAC0AAD002E3D30 /* TestUtils.swift in Sources */ = {isa = PBXBuildFile; fileRef = B63770602BAC0AAD002E3D30 /* TestUtils.swift */; };
		B63770862BAC0AAD002E3D30 /* VersionTests.swift in Sources */ = {isa = PBXBuildFile; fileRef = B63770612BAC0AAD002E3D30 /* VersionTests.swift */; };
		B63770892BAC0AC6002E3D30 /* Collections in Frameworks */ = {isa = PBXBuildFile; productRef = B63770882BAC0AC6002E3D30 /* Collections */; };
/* End PBXBuildFile section */

/* Begin PBXFileReference section */
		B63770362BAC0A8E002E3D30 /* Orgel_Mac_Tests.xctest */ = {isa = PBXFileReference; explicitFileType = wrapper.cfbundle; includeInIndex = 0; path = Orgel_Mac_Tests.xctest; sourceTree = BUILT_PRODUCTS_DIR; };
		B637703E2BAC0AAD002E3D30 /* AttributeTests.swift */ = {isa = PBXFileReference; fileEncoding = 4; lastKnownFileType = sourcecode.swift; path = AttributeTests.swift; sourceTree = "<group>"; };
		B637703F2BAC0AAD002E3D30 /* DecodingTests.swift */ = {isa = PBXFileReference; fileEncoding = 4; lastKnownFileType = sourcecode.swift; path = DecodingTests.swift; sourceTree = "<group>"; };
		B63770402BAC0AAD002E3D30 /* EncodingTests.swift */ = {isa = PBXFileReference; fileEncoding = 4; lastKnownFileType = sourcecode.swift; path = EncodingTests.swift; sourceTree = "<group>"; };
		B63770412BAC0AAD002E3D30 /* EntityTests.swift */ = {isa = PBXFileReference; fileEncoding = 4; lastKnownFileType = sourcecode.swift; path = EntityTests.swift; sourceTree = "<group>"; };
		B63770422BAC0AAD002E3D30 /* ExecuteSqlTests.swift */ = {isa = PBXFileReference; fileEncoding = 4; lastKnownFileType = sourcecode.swift; path = ExecuteSqlTests.swift; sourceTree = "<group>"; };
		B63770432BAC0AAD002E3D30 /* FetcherTests.swift */ = {isa = PBXFileReference; fileEncoding = 4; lastKnownFileType = sourcecode.swift; path = FetcherTests.swift; sourceTree = "<group>"; };
		B63770442BAC0AAD002E3D30 /* FetchOptionTests.swift */ = {isa = PBXFileReference; fileEncoding = 4; lastKnownFileType = sourcecode.swift; path = FetchOptionTests.swift; sourceTree = "<group>"; };
		B63770452BAC0AAD002E3D30 /* IndexTests.swift */ = {isa = PBXFileReference; fileEncoding = 4; lastKnownFileType = sourcecode.swift; path = IndexTests.swift; sourceTree = "<group>"; };
		B63770462BAC0AAD002E3D30 /* LoadedIdPoolTests.swift */ = {isa = PBXFileReference; fileEncoding = 4; lastKnownFileType = sourcecode.swift; path = LoadedIdPoolTests.swift; sourceTree = "<group>"; };
		B63770472BAC0AAD002E3D30 /* ModelTests.swift */ = {isa = PBXFileReference; fileEncoding = 4; lastKnownFileType = sourcecode.swift; path = ModelTests.swift; sourceTree = "<group>"; };
		B63770482BAC0AAD002E3D30 /* ObjectEventTests.swift */ = {isa = PBXFileReference; fileEncoding = 4; lastKnownFileType = sourcecode.swift; path = ObjectEventTests.swift; sourceTree = "<group>"; };
		B63770492BAC0AAD002E3D30 /* ObjectIdTests.swift */ = {isa = PBXFileReference; fileEncoding = 4; lastKnownFileType = sourcecode.swift; path = ObjectIdTests.swift; sourceTree = "<group>"; };
		B637704A2BAC0AAD002E3D30 /* ObjectTests.swift */ = {isa = PBXFileReference; fileEncoding = 4; lastKnownFileType = sourcecode.swift; path = ObjectTests.swift; sourceTree = "<group>"; };
		B637704B2BAC0AAD002E3D30 /* OrgelContainerTests.swift */ = {isa = PBXFileReference; fileEncoding = 4; lastKnownFileType = sourcecode.swift; path = OrgelContainerTests.swift; sourceTree = "<group>"; };
		B637704C2BAC0AAD002E3D30 /* OrgelInfoTests.swift */ = {isa = PBXFileReference; fileEncoding = 4; lastKnownFileType = sourcecode.swift; path = OrgelInfoTests.swift; sourceTree = "<group>"; };
		B637704D2BAC0AAD002E3D30 /* ReadOnlyObjectTests.swift */ = {isa = PBXFileReference; fileEncoding = 4; lastKnownFileType = sourcecode.swift; path = ReadOnlyObjectTests.swift; sourceTree = "<group>"; };
		B637704E2BAC0AAD002E3D30 /* RelationTests.swift */ = {isa = PBXFileReference; fileEncoding = 4; lastKnownFileType = sourcecode.swift; path = RelationTests.swift; sourceTree = "<group>"; };
		B637704F2BAC0AAD002E3D30 /* SerialTaskQueueOrderTests.swift */ = {isa = PBXFileReference; fileEncoding = 4; lastKnownFileType = sourcecode.swift; path = SerialTaskQueueOrderTests.swift; sourceTree = "<group>"; };
		B63770502BAC0AAD002E3D30 /* SerialTaskQueueSeparatelyTests.swift */ = {isa = PBXFileReference; fileEncoding = 4; lastKnownFileType = sourcecode.swift; path = SerialTaskQueueSeparatelyTests.swift; sourceTree = "<group>"; };
		B63770512BAC0AAD002E3D30 /* SQLColumnInternalTests.swift */ = {isa = PBXFileReference; fileEncoding = 4; lastKnownFileType = sourcecode.swift; path = SQLColumnInternalTests.swift; sourceTree = "<group>"; };
		B63770522BAC0AAD002E3D30 /* SQLExpressionInternalTests.swift */ = {isa = PBXFileReference; fileEncoding = 4; lastKnownFileType = sourcecode.swift; path = SQLExpressionInternalTests.swift; sourceTree = "<group>"; };
		B63770532BAC0AAD002E3D30 /* SQLInternalTests.swift */ = {isa = PBXFileReference; fileEncoding = 4; lastKnownFileType = sourcecode.swift; path = SQLInternalTests.swift; sourceTree = "<group>"; };
		B63770542BAC0AAD002E3D30 /* SQLiteErrorTests.swift */ = {isa = PBXFileReference; fileEncoding = 4; lastKnownFileType = sourcecode.swift; path = SQLiteErrorTests.swift; sourceTree = "<group>"; };
		B63770552BAC0AAD002E3D30 /* SQLiteExecutorAdditionsTests.swift */ = {isa = PBXFileReference; fileEncoding = 4; lastKnownFileType = sourcecode.swift; path = SQLiteExecutorAdditionsTests.swift; sourceTree = "<group>"; };
		B63770562BAC0AAD002E3D30 /* SQLiteExecutorTests.swift */ = {isa = PBXFileReference; fileEncoding = 4; lastKnownFileType = sourcecode.swift; path = SQLiteExecutorTests.swift; sourceTree = "<group>"; };
		B63770572BAC0AAD002E3D30 /* SQLiteResultTests.swift */ = {isa = PBXFileReference; fileEncoding = 4; lastKnownFileType = sourcecode.swift; path = SQLiteResultTests.swift; sourceTree = "<group>"; };
		B63770582BAC0AAD002E3D30 /* SQLiteRowIteratorTests.swift */ = {isa = PBXFileReference; fileEncoding = 4; lastKnownFileType = sourcecode.swift; path = SQLiteRowIteratorTests.swift; sourceTree = "<group>"; };
		B63770592BAC0AAD002E3D30 /* SQLSelectInternalTests.swift */ = {isa = PBXFileReference; fileEncoding = 4; lastKnownFileType = sourcecode.swift; path = SQLSelectInternalTests.swift; sourceTree = "<group>"; };
		B637705A2BAC0AAD002E3D30 /* SQLSelectTests.swift */ = {isa = PBXFileReference; fileEncoding = 4; lastKnownFileType = sourcecode.swift; path = SQLSelectTests.swift; sourceTree = "<group>"; };
		B637705B2BAC0AAD002E3D30 /* SQLValueInternalTests.swift */ = {isa = PBXFileReference; fileEncoding = 4; lastKnownFileType = sourcecode.swift; path = SQLValueInternalTests.swift; sourceTree = "<group>"; };
		B637705C2BAC0AAD002E3D30 /* SQLValueTests.swift */ = {isa = PBXFileReference; fileEncoding = 4; lastKnownFileType = sourcecode.swift; path = SQLValueTests.swift; sourceTree = "<group>"; };
		B637705D2BAC0AAD002E3D30 /* SyncedObjectIdTests.swift */ = {isa = PBXFileReference; fileEncoding = 4; lastKnownFileType = sourcecode.swift; path = SyncedObjectIdTests.swift; sourceTree = "<group>"; };
		B637705E2BAC0AAD002E3D30 /* SyncedObjectTests.swift */ = {isa = PBXFileReference; fileEncoding = 4; lastKnownFileType = sourcecode.swift; path = SyncedObjectTests.swift; sourceTree = "<group>"; };
		B637705F2BAC0AAD002E3D30 /* TestObjects.swift */ = {isa = PBXFileReference; fileEncoding = 4; lastKnownFileType = sourcecode.swift; path = TestObjects.swift; sourceTree = "<group>"; };
		B63770602BAC0AAD002E3D30 /* TestUtils.swift */ = {isa = PBXFileReference; fileEncoding = 4; lastKnownFileType = sourcecode.swift; path = TestUtils.swift; sourceTree = "<group>"; };
		B63770612BAC0AAD002E3D30 /* VersionTests.swift */ = {isa = PBXFileReference; fileEncoding = 4; lastKnownFileType = sourcecode.swift; path = VersionTests.swift; sourceTree = "<group>"; };
/* End PBXFileReference section */

/* Begin PBXFrameworksBuildPhase section */
		B63770332BAC0A8E002E3D30 /* Frameworks */ = {
			isa = PBXFrameworksBuildPhase;
			buildActionMask = 2147483647;
			files = (
				B63770892BAC0AC6002E3D30 /* Collections in Frameworks */,
			);
			runOnlyForDeploymentPostprocessing = 0;
		};
/* End PBXFrameworksBuildPhase section */

/* Begin PBXGroup section */
		B637702B2BAC0A6E002E3D30 = {
			isa = PBXGroup;
			children = (
				B63770622BAC0AAD002E3D30 /* Orgel_Tests */,
				B63770372BAC0A8E002E3D30 /* Products */,
			);
			sourceTree = "<group>";
		};
		B63770372BAC0A8E002E3D30 /* Products */ = {
			isa = PBXGroup;
			children = (
				B63770362BAC0A8E002E3D30 /* Orgel_Mac_Tests.xctest */,
			);
			name = Products;
			sourceTree = "<group>";
		};
		B63770622BAC0AAD002E3D30 /* Orgel_Tests */ = {
			isa = PBXGroup;
			children = (
				B637703E2BAC0AAD002E3D30 /* AttributeTests.swift */,
				B637703F2BAC0AAD002E3D30 /* DecodingTests.swift */,
				B63770402BAC0AAD002E3D30 /* EncodingTests.swift */,
				B63770412BAC0AAD002E3D30 /* EntityTests.swift */,
				B63770422BAC0AAD002E3D30 /* ExecuteSqlTests.swift */,
				B63770432BAC0AAD002E3D30 /* FetcherTests.swift */,
				B63770442BAC0AAD002E3D30 /* FetchOptionTests.swift */,
				B63770452BAC0AAD002E3D30 /* IndexTests.swift */,
				B63770462BAC0AAD002E3D30 /* LoadedIdPoolTests.swift */,
				B63770472BAC0AAD002E3D30 /* ModelTests.swift */,
				B63770482BAC0AAD002E3D30 /* ObjectEventTests.swift */,
				B63770492BAC0AAD002E3D30 /* ObjectIdTests.swift */,
				B637704A2BAC0AAD002E3D30 /* ObjectTests.swift */,
				B637704B2BAC0AAD002E3D30 /* OrgelContainerTests.swift */,
				B637704C2BAC0AAD002E3D30 /* OrgelInfoTests.swift */,
				B637704D2BAC0AAD002E3D30 /* ReadOnlyObjectTests.swift */,
				B637704E2BAC0AAD002E3D30 /* RelationTests.swift */,
				B637704F2BAC0AAD002E3D30 /* SerialTaskQueueOrderTests.swift */,
				B63770502BAC0AAD002E3D30 /* SerialTaskQueueSeparatelyTests.swift */,
				B63770512BAC0AAD002E3D30 /* SQLColumnInternalTests.swift */,
				B63770522BAC0AAD002E3D30 /* SQLExpressionInternalTests.swift */,
				B63770532BAC0AAD002E3D30 /* SQLInternalTests.swift */,
				B63770542BAC0AAD002E3D30 /* SQLiteErrorTests.swift */,
				B63770552BAC0AAD002E3D30 /* SQLiteExecutorAdditionsTests.swift */,
				B63770562BAC0AAD002E3D30 /* SQLiteExecutorTests.swift */,
				B63770572BAC0AAD002E3D30 /* SQLiteResultTests.swift */,
				B63770582BAC0AAD002E3D30 /* SQLiteRowIteratorTests.swift */,
				B63770592BAC0AAD002E3D30 /* SQLSelectInternalTests.swift */,
				B637705A2BAC0AAD002E3D30 /* SQLSelectTests.swift */,
				B637705B2BAC0AAD002E3D30 /* SQLValueInternalTests.swift */,
				B637705C2BAC0AAD002E3D30 /* SQLValueTests.swift */,
				B637705D2BAC0AAD002E3D30 /* SyncedObjectIdTests.swift */,
				B637705E2BAC0AAD002E3D30 /* SyncedObjectTests.swift */,
				B637705F2BAC0AAD002E3D30 /* TestObjects.swift */,
				B63770602BAC0AAD002E3D30 /* TestUtils.swift */,
				B63770612BAC0AAD002E3D30 /* VersionTests.swift */,
			);
			name = Orgel_Tests;
			path = ../Orgel_Tests;
			sourceTree = "<group>";
		};
/* End PBXGroup section */

/* Begin PBXNativeTarget section */
		B63770352BAC0A8E002E3D30 /* Orgel_Mac_Tests */ = {
			isa = PBXNativeTarget;
			buildConfigurationList = B637703D2BAC0A8E002E3D30 /* Build configuration list for PBXNativeTarget "Orgel_Mac_Tests" */;
			buildPhases = (
				B637708A2BAC0B41002E3D30 /* ShellScript */,
				B63770322BAC0A8E002E3D30 /* Sources */,
				B63770332BAC0A8E002E3D30 /* Frameworks */,
				B63770342BAC0A8E002E3D30 /* Resources */,
			);
			buildRules = (
			);
			dependencies = (
			);
			name = Orgel_Mac_Tests;
			packageProductDependencies = (
				B63770882BAC0AC6002E3D30 /* Collections */,
			);
			productName = Orgel_Mac_Tests;
			productReference = B63770362BAC0A8E002E3D30 /* Orgel_Mac_Tests.xctest */;
			productType = "com.apple.product-type.bundle.unit-test";
		};
/* End PBXNativeTarget section */

/* Begin PBXProject section */
		B637702C2BAC0A6E002E3D30 /* Project object */ = {
			isa = PBXProject;
			attributes = {
				BuildIndependentTargetsInParallel = 1;
				LastSwiftUpdateCheck = 1530;
				LastUpgradeCheck = 1530;
				TargetAttributes = {
					B63770352BAC0A8E002E3D30 = {
						CreatedOnToolsVersion = 15.3;
					};
				};
			};
			buildConfigurationList = B637702F2BAC0A6E002E3D30 /* Build configuration list for PBXProject "Orgel_Mac_Tests" */;
			compatibilityVersion = "Xcode 14.0";
			developmentRegion = en;
			hasScannedForEncodings = 0;
			knownRegions = (
				en,
				Base,
			);
			mainGroup = B637702B2BAC0A6E002E3D30;
			packageReferences = (
				B63770872BAC0AC6002E3D30 /* XCRemoteSwiftPackageReference "swift-collections" */,
			);
			productRefGroup = B63770372BAC0A8E002E3D30 /* Products */;
			projectDirPath = "";
			projectRoot = "";
			targets = (
				B63770352BAC0A8E002E3D30 /* Orgel_Mac_Tests */,
			);
		};
/* End PBXProject section */

/* Begin PBXResourcesBuildPhase section */
		B63770342BAC0A8E002E3D30 /* Resources */ = {
			isa = PBXResourcesBuildPhase;
			buildActionMask = 2147483647;
			files = (
			);
			runOnlyForDeploymentPostprocessing = 0;
		};
/* End PBXResourcesBuildPhase section */

/* Begin PBXShellScriptBuildPhase section */
		B637708A2BAC0B41002E3D30 /* ShellScript */ = {
			isa = PBXShellScriptBuildPhase;
			alwaysOutOfDate = 1;
			buildActionMask = 2147483647;
			files = (
			);
			inputFileListPaths = (
			);
			inputPaths = (
			);
			outputFileListPaths = (
			);
			outputPaths = (
			);
			runOnlyForDeploymentPostprocessing = 0;
			shellPath = /bin/sh;
			shellScript = "# Type a script or drag a script file from your workspace to insert its path.\n../script/format.sh\n";
		};
/* End PBXShellScriptBuildPhase section */

/* Begin PBXSourcesBuildPhase section */
		B63770322BAC0A8E002E3D30 /* Sources */ = {
			isa = PBXSourcesBuildPhase;
			buildActionMask = 2147483647;
			files = (
				B63770772BAC0AAD002E3D30 /* SQLExpressionInternalTests.swift in Sources */,
				B63770802BAC0AAD002E3D30 /* SQLValueInternalTests.swift in Sources */,
				B63770832BAC0AAD002E3D30 /* SyncedObjectTests.swift in Sources */,
				B63770672BAC0AAD002E3D30 /* ExecuteSqlTests.swift in Sources */,
				B637707F2BAC0AAD002E3D30 /* SQLSelectTests.swift in Sources */,
				B637706E2BAC0AAD002E3D30 /* ObjectIdTests.swift in Sources */,
				B637707B2BAC0AAD002E3D30 /* SQLiteExecutorTests.swift in Sources */,
				B63770682BAC0AAD002E3D30 /* FetcherTests.swift in Sources */,
				B63770842BAC0AAD002E3D30 /* TestObjects.swift in Sources */,
				B637707D2BAC0AAD002E3D30 /* SQLiteRowIteratorTests.swift in Sources */,
				B637706B2BAC0AAD002E3D30 /* LoadedIdPoolTests.swift in Sources */,
				B637706C2BAC0AAD002E3D30 /* ModelTests.swift in Sources */,
				B63770702BAC0AAD002E3D30 /* OrgelContainerTests.swift in Sources */,
				B63770782BAC0AAD002E3D30 /* SQLInternalTests.swift in Sources */,
				B63770862BAC0AAD002E3D30 /* VersionTests.swift in Sources */,
				B637707A2BAC0AAD002E3D30 /* SQLiteExecutorAdditionsTests.swift in Sources */,
				B637706F2BAC0AAD002E3D30 /* ObjectTests.swift in Sources */,
				B63770712BAC0AAD002E3D30 /* OrgelInfoTests.swift in Sources */,
				B63770732BAC0AAD002E3D30 /* RelationTests.swift in Sources */,
				B63770852BAC0AAD002E3D30 /* TestUtils.swift in Sources */,
				B63770662BAC0AAD002E3D30 /* EntityTests.swift in Sources */,
				B63770822BAC0AAD002E3D30 /* SyncedObjectIdTests.swift in Sources */,
				B637706D2BAC0AAD002E3D30 /* ObjectEventTests.swift in Sources */,
				B63770752BAC0AAD002E3D30 /* SerialTaskQueueSeparatelyTests.swift in Sources */,
				B63770692BAC0AAD002E3D30 /* FetchOptionTests.swift in Sources */,
				B63770812BAC0AAD002E3D30 /* SQLValueTests.swift in Sources */,
				B63770762BAC0AAD002E3D30 /* SQLColumnInternalTests.swift in Sources */,
				B637707C2BAC0AAD002E3D30 /* SQLiteResultTests.swift in Sources */,
				B63770642BAC0AAD002E3D30 /* DecodingTests.swift in Sources */,
				B63770722BAC0AAD002E3D30 /* ReadOnlyObjectTests.swift in Sources */,
				B63770652BAC0AAD002E3D30 /* EncodingTests.swift in Sources */,
				B637706A2BAC0AAD002E3D30 /* IndexTests.swift in Sources */,
				B63770792BAC0AAD002E3D30 /* SQLiteErrorTests.swift in Sources */,
				B63770632BAC0AAD002E3D30 /* AttributeTests.swift in Sources */,
				B63770742BAC0AAD002E3D30 /* SerialTaskQueueOrderTests.swift in Sources */,
				B637707E2BAC0AAD002E3D30 /* SQLSelectInternalTests.swift in Sources */,
			);
			runOnlyForDeploymentPostprocessing = 0;
		};
/* End PBXSourcesBuildPhase section */

/* Begin XCBuildConfiguration section */
		B63770302BAC0A6E002E3D30 /* Debug */ = {
			isa = XCBuildConfiguration;
			buildSettings = {
			};
			name = Debug;
		};
		B63770312BAC0A6E002E3D30 /* Release */ = {
			isa = XCBuildConfiguration;
			buildSettings = {
			};
			name = Release;
		};
		B637703B2BAC0A8E002E3D30 /* Debug */ = {
			isa = XCBuildConfiguration;
			buildSettings = {
				ALWAYS_SEARCH_USER_PATHS = NO;
				ASSETCATALOG_COMPILER_GENERATE_SWIFT_ASSET_SYMBOL_EXTENSIONS = YES;
				CLANG_ANALYZER_NONNULL = YES;
				CLANG_ANALYZER_NUMBER_OBJECT_CONVERSION = YES_AGGRESSIVE;
				CLANG_CXX_LANGUAGE_STANDARD = "gnu++20";
				CLANG_ENABLE_MODULES = YES;
				CLANG_ENABLE_OBJC_ARC = YES;
				CLANG_ENABLE_OBJC_WEAK = YES;
				CLANG_WARN_BLOCK_CAPTURE_AUTORELEASING = YES;
				CLANG_WARN_BOOL_CONVERSION = YES;
				CLANG_WARN_COMMA = YES;
				CLANG_WARN_CONSTANT_CONVERSION = YES;
				CLANG_WARN_DEPRECATED_OBJC_IMPLEMENTATIONS = YES;
				CLANG_WARN_DIRECT_OBJC_ISA_USAGE = YES_ERROR;
				CLANG_WARN_DOCUMENTATION_COMMENTS = YES;
				CLANG_WARN_EMPTY_BODY = YES;
				CLANG_WARN_ENUM_CONVERSION = YES;
				CLANG_WARN_INFINITE_RECURSION = YES;
				CLANG_WARN_INT_CONVERSION = YES;
				CLANG_WARN_NON_LITERAL_NULL_CONVERSION = YES;
				CLANG_WARN_OBJC_IMPLICIT_RETAIN_SELF = YES;
				CLANG_WARN_OBJC_LITERAL_CONVERSION = YES;
				CLANG_WARN_OBJC_ROOT_CLASS = YES_ERROR;
				CLANG_WARN_QUOTED_INCLUDE_IN_FRAMEWORK_HEADER = YES;
				CLANG_WARN_RANGE_LOOP_ANALYSIS = YES;
				CLANG_WARN_STRICT_PROTOTYPES = YES;
				CLANG_WARN_SUSPICIOUS_MOVE = YES;
				CLANG_WARN_UNGUARDED_AVAILABILITY = YES_AGGRESSIVE;
				CLANG_WARN_UNREACHABLE_CODE = YES;
				CLANG_WARN__DUPLICATE_METHOD_MATCH = YES;
				CODE_SIGN_STYLE = Automatic;
				COPY_PHASE_STRIP = NO;
				CURRENT_PROJECT_VERSION = 1;
				DEBUG_INFORMATION_FORMAT = dwarf;
				ENABLE_STRICT_OBJC_MSGSEND = YES;
				ENABLE_TESTABILITY = YES;
				ENABLE_USER_SCRIPT_SANDBOXING = YES;
				GCC_C_LANGUAGE_STANDARD = gnu17;
				GCC_DYNAMIC_NO_PIC = NO;
				GCC_NO_COMMON_BLOCKS = YES;
				GCC_OPTIMIZATION_LEVEL = 0;
				GCC_PREPROCESSOR_DEFINITIONS = (
					"DEBUG=1",
					"$(inherited)",
				);
				GCC_WARN_64_TO_32_BIT_CONVERSION = YES;
				GCC_WARN_ABOUT_RETURN_TYPE = YES_ERROR;
				GCC_WARN_UNDECLARED_SELECTOR = YES;
				GCC_WARN_UNINITIALIZED_AUTOS = YES_AGGRESSIVE;
				GCC_WARN_UNUSED_FUNCTION = YES;
				GCC_WARN_UNUSED_VARIABLE = YES;
				GENERATE_INFOPLIST_FILE = YES;
				LOCALIZATION_PREFERS_STRING_CATALOGS = YES;
				MACOSX_DEPLOYMENT_TARGET = 14.4;
				MARKETING_VERSION = 1.0;
				MTL_ENABLE_DEBUG_INFO = INCLUDE_SOURCE;
				MTL_FAST_MATH = YES;
				ONLY_ACTIVE_ARCH = YES;
				PRODUCT_BUNDLE_IDENTIFIER = "jp.objective-audio.Orgel-Mac-Tests";
				PRODUCT_NAME = "$(TARGET_NAME)";
				SDKROOT = macosx;
				SWIFT_ACTIVE_COMPILATION_CONDITIONS = "DEBUG $(inherited)";
				SWIFT_EMIT_LOC_STRINGS = NO;
				SWIFT_OPTIMIZATION_LEVEL = "-Onone";
				SWIFT_VERSION = 5.0;
			};
			name = Debug;
		};
		B637703C2BAC0A8E002E3D30 /* Release */ = {
			isa = XCBuildConfiguration;
			buildSettings = {
				ALWAYS_SEARCH_USER_PATHS = NO;
				ASSETCATALOG_COMPILER_GENERATE_SWIFT_ASSET_SYMBOL_EXTENSIONS = YES;
				CLANG_ANALYZER_NONNULL = YES;
				CLANG_ANALYZER_NUMBER_OBJECT_CONVERSION = YES_AGGRESSIVE;
				CLANG_CXX_LANGUAGE_STANDARD = "gnu++20";
				CLANG_ENABLE_MODULES = YES;
				CLANG_ENABLE_OBJC_ARC = YES;
				CLANG_ENABLE_OBJC_WEAK = YES;
				CLANG_WARN_BLOCK_CAPTURE_AUTORELEASING = YES;
				CLANG_WARN_BOOL_CONVERSION = YES;
				CLANG_WARN_COMMA = YES;
				CLANG_WARN_CONSTANT_CONVERSION = YES;
				CLANG_WARN_DEPRECATED_OBJC_IMPLEMENTATIONS = YES;
				CLANG_WARN_DIRECT_OBJC_ISA_USAGE = YES_ERROR;
				CLANG_WARN_DOCUMENTATION_COMMENTS = YES;
				CLANG_WARN_EMPTY_BODY = YES;
				CLANG_WARN_ENUM_CONVERSION = YES;
				CLANG_WARN_INFINITE_RECURSION = YES;
				CLANG_WARN_INT_CONVERSION = YES;
				CLANG_WARN_NON_LITERAL_NULL_CONVERSION = YES;
				CLANG_WARN_OBJC_IMPLICIT_RETAIN_SELF = YES;
				CLANG_WARN_OBJC_LITERAL_CONVERSION = YES;
				CLANG_WARN_OBJC_ROOT_CLASS = YES_ERROR;
				CLANG_WARN_QUOTED_INCLUDE_IN_FRAMEWORK_HEADER = YES;
				CLANG_WARN_RANGE_LOOP_ANALYSIS = YES;
				CLANG_WARN_STRICT_PROTOTYPES = YES;
				CLANG_WARN_SUSPICIOUS_MOVE = YES;
				CLANG_WARN_UNGUARDED_AVAILABILITY = YES_AGGRESSIVE;
				CLANG_WARN_UNREACHABLE_CODE = YES;
				CLANG_WARN__DUPLICATE_METHOD_MATCH = YES;
				CODE_SIGN_STYLE = Automatic;
				COPY_PHASE_STRIP = NO;
				CURRENT_PROJECT_VERSION = 1;
				DEBUG_INFORMATION_FORMAT = "dwarf-with-dsym";
				ENABLE_NS_ASSERTIONS = NO;
				ENABLE_STRICT_OBJC_MSGSEND = YES;
				ENABLE_USER_SCRIPT_SANDBOXING = YES;
				GCC_C_LANGUAGE_STANDARD = gnu17;
				GCC_NO_COMMON_BLOCKS = YES;
				GCC_WARN_64_TO_32_BIT_CONVERSION = YES;
				GCC_WARN_ABOUT_RETURN_TYPE = YES_ERROR;
				GCC_WARN_UNDECLARED_SELECTOR = YES;
				GCC_WARN_UNINITIALIZED_AUTOS = YES_AGGRESSIVE;
				GCC_WARN_UNUSED_FUNCTION = YES;
				GCC_WARN_UNUSED_VARIABLE = YES;
				GENERATE_INFOPLIST_FILE = YES;
				LOCALIZATION_PREFERS_STRING_CATALOGS = YES;
				MACOSX_DEPLOYMENT_TARGET = 14.4;
				MARKETING_VERSION = 1.0;
				MTL_ENABLE_DEBUG_INFO = NO;
				MTL_FAST_MATH = YES;
				PRODUCT_BUNDLE_IDENTIFIER = "jp.objective-audio.Orgel-Mac-Tests";
				PRODUCT_NAME = "$(TARGET_NAME)";
				SDKROOT = macosx;
				SWIFT_COMPILATION_MODE = wholemodule;
				SWIFT_EMIT_LOC_STRINGS = NO;
				SWIFT_VERSION = 5.0;
			};
			name = Release;
		};
/* End XCBuildConfiguration section */

/* Begin XCConfigurationList section */
		B637702F2BAC0A6E002E3D30 /* Build configuration list for PBXProject "Orgel_Mac_Tests" */ = {
			isa = XCConfigurationList;
			buildConfigurations = (
				B63770302BAC0A6E002E3D30 /* Debug */,
				B63770312BAC0A6E002E3D30 /* Release */,
			);
			defaultConfigurationIsVisible = 0;
			defaultConfigurationName = Release;
		};
		B637703D2BAC0A8E002E3D30 /* Build configuration list for PBXNativeTarget "Orgel_Mac_Tests" */ = {
			isa = XCConfigurationList;
			buildConfigurations = (
				B637703B2BAC0A8E002E3D30 /* Debug */,
				B637703C2BAC0A8E002E3D30 /* Release */,
			);
			defaultConfigurationIsVisible = 0;
			defaultConfigurationName = Release;
		};
/* End XCConfigurationList section */

/* Begin XCRemoteSwiftPackageReference section */
		B63770872BAC0AC6002E3D30 /* XCRemoteSwiftPackageReference "swift-collections" */ = {
			isa = XCRemoteSwiftPackageReference;
			repositoryURL = "https://github.com/apple/swift-collections.git";
			requirement = {
				kind = upToNextMajorVersion;
				minimumVersion = 1.1.0;
			};
		};
/* End XCRemoteSwiftPackageReference section */

/* Begin XCSwiftPackageProductDependency section */
		B63770882BAC0AC6002E3D30 /* Collections */ = {
			isa = XCSwiftPackageProductDependency;
			package = B63770872BAC0AC6002E3D30 /* XCRemoteSwiftPackageReference "swift-collections" */;
			productName = Collections;
		};
/* End XCSwiftPackageProductDependency section */
	};
	rootObject = B637702C2BAC0A6E002E3D30 /* Project object */;
}
