// !$*UTF8*$!
{
	archiveVersion = 1;
	classes = {
	};
	objectVersion = 56;
	objects = {

/* Begin PBXBuildFile section */
		B6C575472BABCBA6004ACE94 /* AttributeTests.swift in Sources */ = {isa = PBXBuildFile; fileRef = B6C575222BABCBA6004ACE94 /* AttributeTests.swift */; };
		B6C575482BABCBA6004ACE94 /* DecodingTests.swift in Sources */ = {isa = PBXBuildFile; fileRef = B6C575232BABCBA6004ACE94 /* DecodingTests.swift */; };
		B6C575492BABCBA6004ACE94 /* EncodingTests.swift in Sources */ = {isa = PBXBuildFile; fileRef = B6C575242BABCBA6004ACE94 /* EncodingTests.swift */; };
		B6C5754A2BABCBA6004ACE94 /* EntityTests.swift in Sources */ = {isa = PBXBuildFile; fileRef = B6C575252BABCBA6004ACE94 /* EntityTests.swift */; };
		B6C5754B2BABCBA6004ACE94 /* ExecuteSqlTests.swift in Sources */ = {isa = PBXBuildFile; fileRef = B6C575262BABCBA6004ACE94 /* ExecuteSqlTests.swift */; };
		B6C5754C2BABCBA6004ACE94 /* FetcherTests.swift in Sources */ = {isa = PBXBuildFile; fileRef = B6C575272BABCBA6004ACE94 /* FetcherTests.swift */; };
		B6C5754D2BABCBA6004ACE94 /* FetchOptionTests.swift in Sources */ = {isa = PBXBuildFile; fileRef = B6C575282BABCBA6004ACE94 /* FetchOptionTests.swift */; };
		B6C5754E2BABCBA6004ACE94 /* IndexTests.swift in Sources */ = {isa = PBXBuildFile; fileRef = B6C575292BABCBA6004ACE94 /* IndexTests.swift */; };
		B6C5754F2BABCBA6004ACE94 /* LoadedIdPoolTests.swift in Sources */ = {isa = PBXBuildFile; fileRef = B6C5752A2BABCBA6004ACE94 /* LoadedIdPoolTests.swift */; };
		B6C575502BABCBA6004ACE94 /* ModelTests.swift in Sources */ = {isa = PBXBuildFile; fileRef = B6C5752B2BABCBA6004ACE94 /* ModelTests.swift */; };
		B6C575512BABCBA6004ACE94 /* ObjectEventTests.swift in Sources */ = {isa = PBXBuildFile; fileRef = B6C5752C2BABCBA6004ACE94 /* ObjectEventTests.swift */; };
		B6C575522BABCBA6004ACE94 /* ObjectIdTests.swift in Sources */ = {isa = PBXBuildFile; fileRef = B6C5752D2BABCBA6004ACE94 /* ObjectIdTests.swift */; };
		B6C575532BABCBA6004ACE94 /* ObjectTests.swift in Sources */ = {isa = PBXBuildFile; fileRef = B6C5752E2BABCBA6004ACE94 /* ObjectTests.swift */; };
		B6C575542BABCBA6004ACE94 /* OrgelContainerTests.swift in Sources */ = {isa = PBXBuildFile; fileRef = B6C5752F2BABCBA6004ACE94 /* OrgelContainerTests.swift */; };
		B6C575552BABCBA6004ACE94 /* OrgelInfoTests.swift in Sources */ = {isa = PBXBuildFile; fileRef = B6C575302BABCBA6004ACE94 /* OrgelInfoTests.swift */; };
		B6C575562BABCBA6004ACE94 /* ReadOnlyObjectTests.swift in Sources */ = {isa = PBXBuildFile; fileRef = B6C575312BABCBA6004ACE94 /* ReadOnlyObjectTests.swift */; };
		B6C575572BABCBA6004ACE94 /* RelationTests.swift in Sources */ = {isa = PBXBuildFile; fileRef = B6C575322BABCBA6004ACE94 /* RelationTests.swift */; };
		B6C575582BABCBA6004ACE94 /* SerialTaskQueueOrderTests.swift in Sources */ = {isa = PBXBuildFile; fileRef = B6C575332BABCBA6004ACE94 /* SerialTaskQueueOrderTests.swift */; };
		B6C575592BABCBA6004ACE94 /* SerialTaskQueueSeparatelyTests.swift in Sources */ = {isa = PBXBuildFile; fileRef = B6C575342BABCBA6004ACE94 /* SerialTaskQueueSeparatelyTests.swift */; };
		B6C5755A2BABCBA6004ACE94 /* SQLColumnInternalTests.swift in Sources */ = {isa = PBXBuildFile; fileRef = B6C575352BABCBA6004ACE94 /* SQLColumnInternalTests.swift */; };
		B6C5755B2BABCBA6004ACE94 /* SQLExpressionInternalTests.swift in Sources */ = {isa = PBXBuildFile; fileRef = B6C575362BABCBA6004ACE94 /* SQLExpressionInternalTests.swift */; };
		B6C5755C2BABCBA6004ACE94 /* SQLInternalTests.swift in Sources */ = {isa = PBXBuildFile; fileRef = B6C575372BABCBA6004ACE94 /* SQLInternalTests.swift */; };
		B6C5755D2BABCBA6004ACE94 /* SQLiteErrorTests.swift in Sources */ = {isa = PBXBuildFile; fileRef = B6C575382BABCBA6004ACE94 /* SQLiteErrorTests.swift */; };
		B6C5755E2BABCBA6004ACE94 /* SQLiteExecutorAdditionsTests.swift in Sources */ = {isa = PBXBuildFile; fileRef = B6C575392BABCBA6004ACE94 /* SQLiteExecutorAdditionsTests.swift */; };
		B6C5755F2BABCBA6004ACE94 /* SQLiteExecutorTests.swift in Sources */ = {isa = PBXBuildFile; fileRef = B6C5753A2BABCBA6004ACE94 /* SQLiteExecutorTests.swift */; };
		B6C575602BABCBA6004ACE94 /* SQLiteResultTests.swift in Sources */ = {isa = PBXBuildFile; fileRef = B6C5753B2BABCBA6004ACE94 /* SQLiteResultTests.swift */; };
		B6C575612BABCBA6004ACE94 /* SQLiteRowIteratorTests.swift in Sources */ = {isa = PBXBuildFile; fileRef = B6C5753C2BABCBA6004ACE94 /* SQLiteRowIteratorTests.swift */; };
		B6C575622BABCBA6004ACE94 /* SQLSelectInternalTests.swift in Sources */ = {isa = PBXBuildFile; fileRef = B6C5753D2BABCBA6004ACE94 /* SQLSelectInternalTests.swift */; };
		B6C575632BABCBA6004ACE94 /* SQLSelectTests.swift in Sources */ = {isa = PBXBuildFile; fileRef = B6C5753E2BABCBA6004ACE94 /* SQLSelectTests.swift */; };
		B6C575642BABCBA6004ACE94 /* SQLValueInternalTests.swift in Sources */ = {isa = PBXBuildFile; fileRef = B6C5753F2BABCBA6004ACE94 /* SQLValueInternalTests.swift */; };
		B6C575652BABCBA6004ACE94 /* SQLValueTests.swift in Sources */ = {isa = PBXBuildFile; fileRef = B6C575402BABCBA6004ACE94 /* SQLValueTests.swift */; };
		B6C575662BABCBA6004ACE94 /* SyncedObjectIdTests.swift in Sources */ = {isa = PBXBuildFile; fileRef = B6C575412BABCBA6004ACE94 /* SyncedObjectIdTests.swift */; };
		B6C575672BABCBA6004ACE94 /* SyncedObjectTests.swift in Sources */ = {isa = PBXBuildFile; fileRef = B6C575422BABCBA6004ACE94 /* SyncedObjectTests.swift */; };
		B6C575682BABCBA6004ACE94 /* TestObjects.swift in Sources */ = {isa = PBXBuildFile; fileRef = B6C575432BABCBA6004ACE94 /* TestObjects.swift */; };
		B6C575692BABCBA6004ACE94 /* TestUtils.swift in Sources */ = {isa = PBXBuildFile; fileRef = B6C575442BABCBA6004ACE94 /* TestUtils.swift */; };
		B6C5756A2BABCBA6004ACE94 /* VersionTests.swift in Sources */ = {isa = PBXBuildFile; fileRef = B6C575452BABCBA6004ACE94 /* VersionTests.swift */; };
		B6C5756D2BABCBB7004ACE94 /* Orgel.framework in Frameworks */ = {isa = PBXBuildFile; fileRef = B6C5756C2BABCBB7004ACE94 /* Orgel.framework */; };
		B6C5756E2BABCBB7004ACE94 /* Orgel.framework in Embed Frameworks */ = {isa = PBXBuildFile; fileRef = B6C5756C2BABCBB7004ACE94 /* Orgel.framework */; settings = {ATTRIBUTES = (CodeSignOnCopy, RemoveHeadersOnCopy, ); }; };
		B6C575722BABCBE8004ACE94 /* Collections in Frameworks */ = {isa = PBXBuildFile; productRef = B6C575712BABCBE8004ACE94 /* Collections */; };
/* End PBXBuildFile section */

/* Begin PBXCopyFilesBuildPhase section */
		B6C5756F2BABCBB7004ACE94 /* Embed Frameworks */ = {
			isa = PBXCopyFilesBuildPhase;
			buildActionMask = 2147483647;
			dstPath = "";
			dstSubfolderSpec = 10;
			files = (
				B6C5756E2BABCBB7004ACE94 /* Orgel.framework in Embed Frameworks */,
			);
			name = "Embed Frameworks";
			runOnlyForDeploymentPostprocessing = 0;
		};
/* End PBXCopyFilesBuildPhase section */

/* Begin PBXFileReference section */
		B6C5751A2BABCB4D004ACE94 /* Orgel_iOS_Tests.xctest */ = {isa = PBXFileReference; explicitFileType = wrapper.cfbundle; includeInIndex = 0; path = Orgel_iOS_Tests.xctest; sourceTree = BUILT_PRODUCTS_DIR; };
		B6C575222BABCBA6004ACE94 /* AttributeTests.swift */ = {isa = PBXFileReference; fileEncoding = 4; lastKnownFileType = sourcecode.swift; path = AttributeTests.swift; sourceTree = "<group>"; };
		B6C575232BABCBA6004ACE94 /* DecodingTests.swift */ = {isa = PBXFileReference; fileEncoding = 4; lastKnownFileType = sourcecode.swift; path = DecodingTests.swift; sourceTree = "<group>"; };
		B6C575242BABCBA6004ACE94 /* EncodingTests.swift */ = {isa = PBXFileReference; fileEncoding = 4; lastKnownFileType = sourcecode.swift; path = EncodingTests.swift; sourceTree = "<group>"; };
		B6C575252BABCBA6004ACE94 /* EntityTests.swift */ = {isa = PBXFileReference; fileEncoding = 4; lastKnownFileType = sourcecode.swift; path = EntityTests.swift; sourceTree = "<group>"; };
		B6C575262BABCBA6004ACE94 /* ExecuteSqlTests.swift */ = {isa = PBXFileReference; fileEncoding = 4; lastKnownFileType = sourcecode.swift; path = ExecuteSqlTests.swift; sourceTree = "<group>"; };
		B6C575272BABCBA6004ACE94 /* FetcherTests.swift */ = {isa = PBXFileReference; fileEncoding = 4; lastKnownFileType = sourcecode.swift; path = FetcherTests.swift; sourceTree = "<group>"; };
		B6C575282BABCBA6004ACE94 /* FetchOptionTests.swift */ = {isa = PBXFileReference; fileEncoding = 4; lastKnownFileType = sourcecode.swift; path = FetchOptionTests.swift; sourceTree = "<group>"; };
		B6C575292BABCBA6004ACE94 /* IndexTests.swift */ = {isa = PBXFileReference; fileEncoding = 4; lastKnownFileType = sourcecode.swift; path = IndexTests.swift; sourceTree = "<group>"; };
		B6C5752A2BABCBA6004ACE94 /* LoadedIdPoolTests.swift */ = {isa = PBXFileReference; fileEncoding = 4; lastKnownFileType = sourcecode.swift; path = LoadedIdPoolTests.swift; sourceTree = "<group>"; };
		B6C5752B2BABCBA6004ACE94 /* ModelTests.swift */ = {isa = PBXFileReference; fileEncoding = 4; lastKnownFileType = sourcecode.swift; path = ModelTests.swift; sourceTree = "<group>"; };
		B6C5752C2BABCBA6004ACE94 /* ObjectEventTests.swift */ = {isa = PBXFileReference; fileEncoding = 4; lastKnownFileType = sourcecode.swift; path = ObjectEventTests.swift; sourceTree = "<group>"; };
		B6C5752D2BABCBA6004ACE94 /* ObjectIdTests.swift */ = {isa = PBXFileReference; fileEncoding = 4; lastKnownFileType = sourcecode.swift; path = ObjectIdTests.swift; sourceTree = "<group>"; };
		B6C5752E2BABCBA6004ACE94 /* ObjectTests.swift */ = {isa = PBXFileReference; fileEncoding = 4; lastKnownFileType = sourcecode.swift; path = ObjectTests.swift; sourceTree = "<group>"; };
		B6C5752F2BABCBA6004ACE94 /* OrgelContainerTests.swift */ = {isa = PBXFileReference; fileEncoding = 4; lastKnownFileType = sourcecode.swift; path = OrgelContainerTests.swift; sourceTree = "<group>"; };
		B6C575302BABCBA6004ACE94 /* OrgelInfoTests.swift */ = {isa = PBXFileReference; fileEncoding = 4; lastKnownFileType = sourcecode.swift; path = OrgelInfoTests.swift; sourceTree = "<group>"; };
		B6C575312BABCBA6004ACE94 /* ReadOnlyObjectTests.swift */ = {isa = PBXFileReference; fileEncoding = 4; lastKnownFileType = sourcecode.swift; path = ReadOnlyObjectTests.swift; sourceTree = "<group>"; };
		B6C575322BABCBA6004ACE94 /* RelationTests.swift */ = {isa = PBXFileReference; fileEncoding = 4; lastKnownFileType = sourcecode.swift; path = RelationTests.swift; sourceTree = "<group>"; };
		B6C575332BABCBA6004ACE94 /* SerialTaskQueueOrderTests.swift */ = {isa = PBXFileReference; fileEncoding = 4; lastKnownFileType = sourcecode.swift; path = SerialTaskQueueOrderTests.swift; sourceTree = "<group>"; };
		B6C575342BABCBA6004ACE94 /* SerialTaskQueueSeparatelyTests.swift */ = {isa = PBXFileReference; fileEncoding = 4; lastKnownFileType = sourcecode.swift; path = SerialTaskQueueSeparatelyTests.swift; sourceTree = "<group>"; };
		B6C575352BABCBA6004ACE94 /* SQLColumnInternalTests.swift */ = {isa = PBXFileReference; fileEncoding = 4; lastKnownFileType = sourcecode.swift; path = SQLColumnInternalTests.swift; sourceTree = "<group>"; };
		B6C575362BABCBA6004ACE94 /* SQLExpressionInternalTests.swift */ = {isa = PBXFileReference; fileEncoding = 4; lastKnownFileType = sourcecode.swift; path = SQLExpressionInternalTests.swift; sourceTree = "<group>"; };
		B6C575372BABCBA6004ACE94 /* SQLInternalTests.swift */ = {isa = PBXFileReference; fileEncoding = 4; lastKnownFileType = sourcecode.swift; path = SQLInternalTests.swift; sourceTree = "<group>"; };
		B6C575382BABCBA6004ACE94 /* SQLiteErrorTests.swift */ = {isa = PBXFileReference; fileEncoding = 4; lastKnownFileType = sourcecode.swift; path = SQLiteErrorTests.swift; sourceTree = "<group>"; };
		B6C575392BABCBA6004ACE94 /* SQLiteExecutorAdditionsTests.swift */ = {isa = PBXFileReference; fileEncoding = 4; lastKnownFileType = sourcecode.swift; path = SQLiteExecutorAdditionsTests.swift; sourceTree = "<group>"; };
		B6C5753A2BABCBA6004ACE94 /* SQLiteExecutorTests.swift */ = {isa = PBXFileReference; fileEncoding = 4; lastKnownFileType = sourcecode.swift; path = SQLiteExecutorTests.swift; sourceTree = "<group>"; };
		B6C5753B2BABCBA6004ACE94 /* SQLiteResultTests.swift */ = {isa = PBXFileReference; fileEncoding = 4; lastKnownFileType = sourcecode.swift; path = SQLiteResultTests.swift; sourceTree = "<group>"; };
		B6C5753C2BABCBA6004ACE94 /* SQLiteRowIteratorTests.swift */ = {isa = PBXFileReference; fileEncoding = 4; lastKnownFileType = sourcecode.swift; path = SQLiteRowIteratorTests.swift; sourceTree = "<group>"; };
		B6C5753D2BABCBA6004ACE94 /* SQLSelectInternalTests.swift */ = {isa = PBXFileReference; fileEncoding = 4; lastKnownFileType = sourcecode.swift; path = SQLSelectInternalTests.swift; sourceTree = "<group>"; };
		B6C5753E2BABCBA6004ACE94 /* SQLSelectTests.swift */ = {isa = PBXFileReference; fileEncoding = 4; lastKnownFileType = sourcecode.swift; path = SQLSelectTests.swift; sourceTree = "<group>"; };
		B6C5753F2BABCBA6004ACE94 /* SQLValueInternalTests.swift */ = {isa = PBXFileReference; fileEncoding = 4; lastKnownFileType = sourcecode.swift; path = SQLValueInternalTests.swift; sourceTree = "<group>"; };
		B6C575402BABCBA6004ACE94 /* SQLValueTests.swift */ = {isa = PBXFileReference; fileEncoding = 4; lastKnownFileType = sourcecode.swift; path = SQLValueTests.swift; sourceTree = "<group>"; };
		B6C575412BABCBA6004ACE94 /* SyncedObjectIdTests.swift */ = {isa = PBXFileReference; fileEncoding = 4; lastKnownFileType = sourcecode.swift; path = SyncedObjectIdTests.swift; sourceTree = "<group>"; };
		B6C575422BABCBA6004ACE94 /* SyncedObjectTests.swift */ = {isa = PBXFileReference; fileEncoding = 4; lastKnownFileType = sourcecode.swift; path = SyncedObjectTests.swift; sourceTree = "<group>"; };
		B6C575432BABCBA6004ACE94 /* TestObjects.swift */ = {isa = PBXFileReference; fileEncoding = 4; lastKnownFileType = sourcecode.swift; path = TestObjects.swift; sourceTree = "<group>"; };
		B6C575442BABCBA6004ACE94 /* TestUtils.swift */ = {isa = PBXFileReference; fileEncoding = 4; lastKnownFileType = sourcecode.swift; path = TestUtils.swift; sourceTree = "<group>"; };
		B6C575452BABCBA6004ACE94 /* VersionTests.swift */ = {isa = PBXFileReference; fileEncoding = 4; lastKnownFileType = sourcecode.swift; path = VersionTests.swift; sourceTree = "<group>"; };
		B6C5756C2BABCBB7004ACE94 /* Orgel.framework */ = {isa = PBXFileReference; explicitFileType = wrapper.framework; path = Orgel.framework; sourceTree = BUILT_PRODUCTS_DIR; };
/* End PBXFileReference section */

/* Begin PBXFrameworksBuildPhase section */
		B6C575172BABCB4D004ACE94 /* Frameworks */ = {
			isa = PBXFrameworksBuildPhase;
			buildActionMask = 2147483647;
			files = (
				B6C575722BABCBE8004ACE94 /* Collections in Frameworks */,
				B6C5756D2BABCBB7004ACE94 /* Orgel.framework in Frameworks */,
			);
			runOnlyForDeploymentPostprocessing = 0;
		};
/* End PBXFrameworksBuildPhase section */

/* Begin PBXGroup section */
		B6C5750F2BABCB1C004ACE94 = {
			isa = PBXGroup;
			children = (
				B6C575462BABCBA6004ACE94 /* Orgel_Tests */,
				B6C5751B2BABCB4D004ACE94 /* Products */,
				B6C5756B2BABCBB7004ACE94 /* Frameworks */,
			);
			sourceTree = "<group>";
		};
		B6C5751B2BABCB4D004ACE94 /* Products */ = {
			isa = PBXGroup;
			children = (
				B6C5751A2BABCB4D004ACE94 /* Orgel_iOS_Tests.xctest */,
			);
			name = Products;
			sourceTree = "<group>";
		};
		B6C575462BABCBA6004ACE94 /* Orgel_Tests */ = {
			isa = PBXGroup;
			children = (
				B6C575222BABCBA6004ACE94 /* AttributeTests.swift */,
				B6C575232BABCBA6004ACE94 /* DecodingTests.swift */,
				B6C575242BABCBA6004ACE94 /* EncodingTests.swift */,
				B6C575252BABCBA6004ACE94 /* EntityTests.swift */,
				B6C575262BABCBA6004ACE94 /* ExecuteSqlTests.swift */,
				B6C575272BABCBA6004ACE94 /* FetcherTests.swift */,
				B6C575282BABCBA6004ACE94 /* FetchOptionTests.swift */,
				B6C575292BABCBA6004ACE94 /* IndexTests.swift */,
				B6C5752A2BABCBA6004ACE94 /* LoadedIdPoolTests.swift */,
				B6C5752B2BABCBA6004ACE94 /* ModelTests.swift */,
				B6C5752C2BABCBA6004ACE94 /* ObjectEventTests.swift */,
				B6C5752D2BABCBA6004ACE94 /* ObjectIdTests.swift */,
				B6C5752E2BABCBA6004ACE94 /* ObjectTests.swift */,
				B6C5752F2BABCBA6004ACE94 /* OrgelContainerTests.swift */,
				B6C575302BABCBA6004ACE94 /* OrgelInfoTests.swift */,
				B6C575312BABCBA6004ACE94 /* ReadOnlyObjectTests.swift */,
				B6C575322BABCBA6004ACE94 /* RelationTests.swift */,
				B6C575332BABCBA6004ACE94 /* SerialTaskQueueOrderTests.swift */,
				B6C575342BABCBA6004ACE94 /* SerialTaskQueueSeparatelyTests.swift */,
				B6C575352BABCBA6004ACE94 /* SQLColumnInternalTests.swift */,
				B6C575362BABCBA6004ACE94 /* SQLExpressionInternalTests.swift */,
				B6C575372BABCBA6004ACE94 /* SQLInternalTests.swift */,
				B6C575382BABCBA6004ACE94 /* SQLiteErrorTests.swift */,
				B6C575392BABCBA6004ACE94 /* SQLiteExecutorAdditionsTests.swift */,
				B6C5753A2BABCBA6004ACE94 /* SQLiteExecutorTests.swift */,
				B6C5753B2BABCBA6004ACE94 /* SQLiteResultTests.swift */,
				B6C5753C2BABCBA6004ACE94 /* SQLiteRowIteratorTests.swift */,
				B6C5753D2BABCBA6004ACE94 /* SQLSelectInternalTests.swift */,
				B6C5753E2BABCBA6004ACE94 /* SQLSelectTests.swift */,
				B6C5753F2BABCBA6004ACE94 /* SQLValueInternalTests.swift */,
				B6C575402BABCBA6004ACE94 /* SQLValueTests.swift */,
				B6C575412BABCBA6004ACE94 /* SyncedObjectIdTests.swift */,
				B6C575422BABCBA6004ACE94 /* SyncedObjectTests.swift */,
				B6C575432BABCBA6004ACE94 /* TestObjects.swift */,
				B6C575442BABCBA6004ACE94 /* TestUtils.swift */,
				B6C575452BABCBA6004ACE94 /* VersionTests.swift */,
			);
			name = Orgel_Tests;
			path = ../Orgel_Tests;
			sourceTree = "<group>";
		};
		B6C5756B2BABCBB7004ACE94 /* Frameworks */ = {
			isa = PBXGroup;
			children = (
				B6C5756C2BABCBB7004ACE94 /* Orgel.framework */,
			);
			name = Frameworks;
			sourceTree = "<group>";
		};
/* End PBXGroup section */

/* Begin PBXNativeTarget section */
		B6C575192BABCB4D004ACE94 /* Orgel_iOS_Tests */ = {
			isa = PBXNativeTarget;
			buildConfigurationList = B6C575212BABCB4E004ACE94 /* Build configuration list for PBXNativeTarget "Orgel_iOS_Tests" */;
			buildPhases = (
				B637708B2BAC0BBF002E3D30 /* ShellScript */,
				B6C575162BABCB4D004ACE94 /* Sources */,
				B6C575172BABCB4D004ACE94 /* Frameworks */,
				B6C575182BABCB4D004ACE94 /* Resources */,
				B6C5756F2BABCBB7004ACE94 /* Embed Frameworks */,
			);
			buildRules = (
			);
			dependencies = (
			);
			name = Orgel_iOS_Tests;
			packageProductDependencies = (
				B6C575712BABCBE8004ACE94 /* Collections */,
			);
			productName = Orgel_iOS_Tests;
			productReference = B6C5751A2BABCB4D004ACE94 /* Orgel_iOS_Tests.xctest */;
			productType = "com.apple.product-type.bundle.unit-test";
		};
/* End PBXNativeTarget section */

/* Begin PBXProject section */
		B6C575102BABCB1C004ACE94 /* Project object */ = {
			isa = PBXProject;
			attributes = {
				BuildIndependentTargetsInParallel = 1;
				LastSwiftUpdateCheck = 1530;
				LastUpgradeCheck = 1530;
				TargetAttributes = {
					B6C575192BABCB4D004ACE94 = {
						CreatedOnToolsVersion = 15.3;
					};
				};
			};
			buildConfigurationList = B6C575132BABCB1C004ACE94 /* Build configuration list for PBXProject "Orgel_iOS_Tests" */;
			compatibilityVersion = "Xcode 14.0";
			developmentRegion = en;
			hasScannedForEncodings = 0;
			knownRegions = (
				en,
				Base,
			);
			mainGroup = B6C5750F2BABCB1C004ACE94;
			packageReferences = (
				B6C575702BABCBE8004ACE94 /* XCRemoteSwiftPackageReference "swift-collections" */,
			);
			productRefGroup = B6C5751B2BABCB4D004ACE94 /* Products */;
			projectDirPath = "";
			projectRoot = "";
			targets = (
				B6C575192BABCB4D004ACE94 /* Orgel_iOS_Tests */,
			);
		};
/* End PBXProject section */

/* Begin PBXResourcesBuildPhase section */
		B6C575182BABCB4D004ACE94 /* Resources */ = {
			isa = PBXResourcesBuildPhase;
			buildActionMask = 2147483647;
			files = (
			);
			runOnlyForDeploymentPostprocessing = 0;
		};
/* End PBXResourcesBuildPhase section */

/* Begin PBXShellScriptBuildPhase section */
		B637708B2BAC0BBF002E3D30 /* ShellScript */ = {
			isa = PBXShellScriptBuildPhase;
			alwaysOutOfDate = 1;
			buildActionMask = 2147483647;
			files = (
			);
			inputFileListPaths = (
			);
			inputPaths = (
			);
			outputFileListPaths = (
			);
			outputPaths = (
			);
			runOnlyForDeploymentPostprocessing = 0;
			shellPath = /bin/sh;
			shellScript = "# Type a script or drag a script file from your workspace to insert its path.\n../script/format.sh\n";
		};
/* End PBXShellScriptBuildPhase section */

/* Begin PBXSourcesBuildPhase section */
		B6C575162BABCB4D004ACE94 /* Sources */ = {
			isa = PBXSourcesBuildPhase;
			buildActionMask = 2147483647;
			files = (
				B6C575602BABCBA6004ACE94 /* SQLiteResultTests.swift in Sources */,
				B6C575592BABCBA6004ACE94 /* SerialTaskQueueSeparatelyTests.swift in Sources */,
				B6C575612BABCBA6004ACE94 /* SQLiteRowIteratorTests.swift in Sources */,
				B6C575562BABCBA6004ACE94 /* ReadOnlyObjectTests.swift in Sources */,
				B6C575662BABCBA6004ACE94 /* SyncedObjectIdTests.swift in Sources */,
				B6C5754C2BABCBA6004ACE94 /* FetcherTests.swift in Sources */,
				B6C575512BABCBA6004ACE94 /* ObjectEventTests.swift in Sources */,
				B6C5754B2BABCBA6004ACE94 /* ExecuteSqlTests.swift in Sources */,
				B6C5754A2BABCBA6004ACE94 /* EntityTests.swift in Sources */,
				B6C575492BABCBA6004ACE94 /* EncodingTests.swift in Sources */,
				B6C5756A2BABCBA6004ACE94 /* VersionTests.swift in Sources */,
				B6C575682BABCBA6004ACE94 /* TestObjects.swift in Sources */,
				B6C5755A2BABCBA6004ACE94 /* SQLColumnInternalTests.swift in Sources */,
				B6C575582BABCBA6004ACE94 /* SerialTaskQueueOrderTests.swift in Sources */,
				B6C575482BABCBA6004ACE94 /* DecodingTests.swift in Sources */,
				B6C575542BABCBA6004ACE94 /* OrgelContainerTests.swift in Sources */,
				B6C575552BABCBA6004ACE94 /* OrgelInfoTests.swift in Sources */,
				B6C575652BABCBA6004ACE94 /* SQLValueTests.swift in Sources */,
				B6C5755E2BABCBA6004ACE94 /* SQLiteExecutorAdditionsTests.swift in Sources */,
				B6C575522BABCBA6004ACE94 /* ObjectIdTests.swift in Sources */,
				B6C575672BABCBA6004ACE94 /* SyncedObjectTests.swift in Sources */,
				B6C575472BABCBA6004ACE94 /* AttributeTests.swift in Sources */,
				B6C5754E2BABCBA6004ACE94 /* IndexTests.swift in Sources */,
				B6C5755D2BABCBA6004ACE94 /* SQLiteErrorTests.swift in Sources */,
				B6C5755B2BABCBA6004ACE94 /* SQLExpressionInternalTests.swift in Sources */,
				B6C5755C2BABCBA6004ACE94 /* SQLInternalTests.swift in Sources */,
				B6C575632BABCBA6004ACE94 /* SQLSelectTests.swift in Sources */,
				B6C575502BABCBA6004ACE94 /* ModelTests.swift in Sources */,
				B6C5754D2BABCBA6004ACE94 /* FetchOptionTests.swift in Sources */,
				B6C575642BABCBA6004ACE94 /* SQLValueInternalTests.swift in Sources */,
				B6C575622BABCBA6004ACE94 /* SQLSelectInternalTests.swift in Sources */,
				B6C575692BABCBA6004ACE94 /* TestUtils.swift in Sources */,
				B6C575532BABCBA6004ACE94 /* ObjectTests.swift in Sources */,
				B6C5754F2BABCBA6004ACE94 /* LoadedIdPoolTests.swift in Sources */,
				B6C5755F2BABCBA6004ACE94 /* SQLiteExecutorTests.swift in Sources */,
				B6C575572BABCBA6004ACE94 /* RelationTests.swift in Sources */,
			);
			runOnlyForDeploymentPostprocessing = 0;
		};
/* End PBXSourcesBuildPhase section */

/* Begin XCBuildConfiguration section */
		B6C575142BABCB1C004ACE94 /* Debug */ = {
			isa = XCBuildConfiguration;
			buildSettings = {
			};
			name = Debug;
		};
		B6C575152BABCB1C004ACE94 /* Release */ = {
			isa = XCBuildConfiguration;
			buildSettings = {
			};
			name = Release;
		};
		B6C5751F2BABCB4E004ACE94 /* Debug */ = {
			isa = XCBuildConfiguration;
			buildSettings = {
				ALWAYS_SEARCH_USER_PATHS = NO;
				ASSETCATALOG_COMPILER_GENERATE_SWIFT_ASSET_SYMBOL_EXTENSIONS = YES;
				CLANG_ANALYZER_NONNULL = YES;
				CLANG_ANALYZER_NUMBER_OBJECT_CONVERSION = YES_AGGRESSIVE;
				CLANG_CXX_LANGUAGE_STANDARD = "gnu++20";
				CLANG_ENABLE_MODULES = YES;
				CLANG_ENABLE_OBJC_ARC = YES;
				CLANG_ENABLE_OBJC_WEAK = YES;
				CLANG_WARN_BLOCK_CAPTURE_AUTORELEASING = YES;
				CLANG_WARN_BOOL_CONVERSION = YES;
				CLANG_WARN_COMMA = YES;
				CLANG_WARN_CONSTANT_CONVERSION = YES;
				CLANG_WARN_DEPRECATED_OBJC_IMPLEMENTATIONS = YES;
				CLANG_WARN_DIRECT_OBJC_ISA_USAGE = YES_ERROR;
				CLANG_WARN_DOCUMENTATION_COMMENTS = YES;
				CLANG_WARN_EMPTY_BODY = YES;
				CLANG_WARN_ENUM_CONVERSION = YES;
				CLANG_WARN_INFINITE_RECURSION = YES;
				CLANG_WARN_INT_CONVERSION = YES;
				CLANG_WARN_NON_LITERAL_NULL_CONVERSION = YES;
				CLANG_WARN_OBJC_IMPLICIT_RETAIN_SELF = YES;
				CLANG_WARN_OBJC_LITERAL_CONVERSION = YES;
				CLANG_WARN_OBJC_ROOT_CLASS = YES_ERROR;
				CLANG_WARN_QUOTED_INCLUDE_IN_FRAMEWORK_HEADER = YES;
				CLANG_WARN_RANGE_LOOP_ANALYSIS = YES;
				CLANG_WARN_STRICT_PROTOTYPES = YES;
				CLANG_WARN_SUSPICIOUS_MOVE = YES;
				CLANG_WARN_UNGUARDED_AVAILABILITY = YES_AGGRESSIVE;
				CLANG_WARN_UNREACHABLE_CODE = YES;
				CLANG_WARN__DUPLICATE_METHOD_MATCH = YES;
				CODE_SIGN_STYLE = Automatic;
				COPY_PHASE_STRIP = NO;
				CURRENT_PROJECT_VERSION = 1;
				DEBUG_INFORMATION_FORMAT = dwarf;
				ENABLE_STRICT_OBJC_MSGSEND = YES;
				ENABLE_TESTABILITY = YES;
				ENABLE_USER_SCRIPT_SANDBOXING = YES;
				GCC_C_LANGUAGE_STANDARD = gnu17;
				GCC_DYNAMIC_NO_PIC = NO;
				GCC_NO_COMMON_BLOCKS = YES;
				GCC_OPTIMIZATION_LEVEL = 0;
				GCC_PREPROCESSOR_DEFINITIONS = (
					"DEBUG=1",
					"$(inherited)",
				);
				GCC_WARN_64_TO_32_BIT_CONVERSION = YES;
				GCC_WARN_ABOUT_RETURN_TYPE = YES_ERROR;
				GCC_WARN_UNDECLARED_SELECTOR = YES;
				GCC_WARN_UNINITIALIZED_AUTOS = YES_AGGRESSIVE;
				GCC_WARN_UNUSED_FUNCTION = YES;
				GCC_WARN_UNUSED_VARIABLE = YES;
				GENERATE_INFOPLIST_FILE = YES;
				IPHONEOS_DEPLOYMENT_TARGET = 17.2;
				LOCALIZATION_PREFERS_STRING_CATALOGS = YES;
				MARKETING_VERSION = 1.0;
				MTL_ENABLE_DEBUG_INFO = INCLUDE_SOURCE;
				MTL_FAST_MATH = YES;
				ONLY_ACTIVE_ARCH = YES;
				PRODUCT_BUNDLE_IDENTIFIER = "jp.objective-audio.Orgel-iOS-Tests";
				PRODUCT_NAME = "$(TARGET_NAME)";
				SDKROOT = iphoneos;
				SWIFT_ACTIVE_COMPILATION_CONDITIONS = "DEBUG $(inherited)";
				SWIFT_EMIT_LOC_STRINGS = NO;
				SWIFT_OPTIMIZATION_LEVEL = "-Onone";
				SWIFT_VERSION = 5.0;
				TARGETED_DEVICE_FAMILY = "1,2";
			};
			name = Debug;
		};
		B6C575202BABCB4E004ACE94 /* Release */ = {
			isa = XCBuildConfiguration;
			buildSettings = {
				ALWAYS_SEARCH_USER_PATHS = NO;
				ASSETCATALOG_COMPILER_GENERATE_SWIFT_ASSET_SYMBOL_EXTENSIONS = YES;
				CLANG_ANALYZER_NONNULL = YES;
				CLANG_ANALYZER_NUMBER_OBJECT_CONVERSION = YES_AGGRESSIVE;
				CLANG_CXX_LANGUAGE_STANDARD = "gnu++20";
				CLANG_ENABLE_MODULES = YES;
				CLANG_ENABLE_OBJC_ARC = YES;
				CLANG_ENABLE_OBJC_WEAK = YES;
				CLANG_WARN_BLOCK_CAPTURE_AUTORELEASING = YES;
				CLANG_WARN_BOOL_CONVERSION = YES;
				CLANG_WARN_COMMA = YES;
				CLANG_WARN_CONSTANT_CONVERSION = YES;
				CLANG_WARN_DEPRECATED_OBJC_IMPLEMENTATIONS = YES;
				CLANG_WARN_DIRECT_OBJC_ISA_USAGE = YES_ERROR;
				CLANG_WARN_DOCUMENTATION_COMMENTS = YES;
				CLANG_WARN_EMPTY_BODY = YES;
				CLANG_WARN_ENUM_CONVERSION = YES;
				CLANG_WARN_INFINITE_RECURSION = YES;
				CLANG_WARN_INT_CONVERSION = YES;
				CLANG_WARN_NON_LITERAL_NULL_CONVERSION = YES;
				CLANG_WARN_OBJC_IMPLICIT_RETAIN_SELF = YES;
				CLANG_WARN_OBJC_LITERAL_CONVERSION = YES;
				CLANG_WARN_OBJC_ROOT_CLASS = YES_ERROR;
				CLANG_WARN_QUOTED_INCLUDE_IN_FRAMEWORK_HEADER = YES;
				CLANG_WARN_RANGE_LOOP_ANALYSIS = YES;
				CLANG_WARN_STRICT_PROTOTYPES = YES;
				CLANG_WARN_SUSPICIOUS_MOVE = YES;
				CLANG_WARN_UNGUARDED_AVAILABILITY = YES_AGGRESSIVE;
				CLANG_WARN_UNREACHABLE_CODE = YES;
				CLANG_WARN__DUPLICATE_METHOD_MATCH = YES;
				CODE_SIGN_STYLE = Automatic;
				COPY_PHASE_STRIP = NO;
				CURRENT_PROJECT_VERSION = 1;
				DEBUG_INFORMATION_FORMAT = "dwarf-with-dsym";
				ENABLE_NS_ASSERTIONS = NO;
				ENABLE_STRICT_OBJC_MSGSEND = YES;
				ENABLE_USER_SCRIPT_SANDBOXING = YES;
				GCC_C_LANGUAGE_STANDARD = gnu17;
				GCC_NO_COMMON_BLOCKS = YES;
				GCC_WARN_64_TO_32_BIT_CONVERSION = YES;
				GCC_WARN_ABOUT_RETURN_TYPE = YES_ERROR;
				GCC_WARN_UNDECLARED_SELECTOR = YES;
				GCC_WARN_UNINITIALIZED_AUTOS = YES_AGGRESSIVE;
				GCC_WARN_UNUSED_FUNCTION = YES;
				GCC_WARN_UNUSED_VARIABLE = YES;
				GENERATE_INFOPLIST_FILE = YES;
				IPHONEOS_DEPLOYMENT_TARGET = 17.2;
				LOCALIZATION_PREFERS_STRING_CATALOGS = YES;
				MARKETING_VERSION = 1.0;
				MTL_ENABLE_DEBUG_INFO = NO;
				MTL_FAST_MATH = YES;
				PRODUCT_BUNDLE_IDENTIFIER = "jp.objective-audio.Orgel-iOS-Tests";
				PRODUCT_NAME = "$(TARGET_NAME)";
				SDKROOT = iphoneos;
				SWIFT_COMPILATION_MODE = wholemodule;
				SWIFT_EMIT_LOC_STRINGS = NO;
				SWIFT_VERSION = 5.0;
				TARGETED_DEVICE_FAMILY = "1,2";
				VALIDATE_PRODUCT = YES;
			};
			name = Release;
		};
/* End XCBuildConfiguration section */

/* Begin XCConfigurationList section */
		B6C575132BABCB1C004ACE94 /* Build configuration list for PBXProject "Orgel_iOS_Tests" */ = {
			isa = XCConfigurationList;
			buildConfigurations = (
				B6C575142BABCB1C004ACE94 /* Debug */,
				B6C575152BABCB1C004ACE94 /* Release */,
			);
			defaultConfigurationIsVisible = 0;
			defaultConfigurationName = Release;
		};
		B6C575212BABCB4E004ACE94 /* Build configuration list for PBXNativeTarget "Orgel_iOS_Tests" */ = {
			isa = XCConfigurationList;
			buildConfigurations = (
				B6C5751F2BABCB4E004ACE94 /* Debug */,
				B6C575202BABCB4E004ACE94 /* Release */,
			);
			defaultConfigurationIsVisible = 0;
			defaultConfigurationName = Release;
		};
/* End XCConfigurationList section */

/* Begin XCRemoteSwiftPackageReference section */
		B6C575702BABCBE8004ACE94 /* XCRemoteSwiftPackageReference "swift-collections" */ = {
			isa = XCRemoteSwiftPackageReference;
			repositoryURL = "https://github.com/apple/swift-collections.git";
			requirement = {
				kind = upToNextMajorVersion;
				minimumVersion = 1.1.0;
			};
		};
/* End XCRemoteSwiftPackageReference section */

/* Begin XCSwiftPackageProductDependency section */
		B6C575712BABCBE8004ACE94 /* Collections */ = {
			isa = XCSwiftPackageProductDependency;
			package = B6C575702BABCBE8004ACE94 /* XCRemoteSwiftPackageReference "swift-collections" */;
			productName = Collections;
		};
/* End XCSwiftPackageProductDependency section */
	};
	rootObject = B6C575102BABCB1C004ACE94 /* Project object */;
}
